{
  "name": "@figulus/registry-infrastructure",
  "version": "0.5.0-alpha-dev-01",
  "lockfileVersion": 3,
  "requires": true,
  "packages": {
    "": {
      "name": "@figulus/registry-infrastructure",
      "version": "0.5.0-alpha-dev-01",
      "workspaces": [
        "packages/validator-core"
      ],
      "dependencies": {
        "@figulus/schema": "^0.4.0-alpha-dev",
        "zod-spdx": "^1.0.0"
      }
    },
    "node_modules/@figulus/schema": {
      "version": "0.4.0-alpha-dev",
      "resolved": "https://registry.npmjs.org/@figulus/schema/-/schema-0.4.0-alpha-dev.tgz",
      "integrity": "sha512-h1+JDtx1VA2HtjgPzgio7nZLf8/oCwHbvULA5r/JJxkzgcWUyZp/+5Jx5B6eF7Ro3Qf0PKd6dCl4Simx+LVqDw==",
      "dependencies": {
        "zod": "^3.24.1"
      }
    },
    "node_modules/@figulus/schema/node_modules/zod": {
      "version": "3.25.76",
      "resolved": "https://registry.npmjs.org/zod/-/zod-3.25.76.tgz",
      "integrity": "sha512-gzUt/qt81nXsFGKIFcC3YnfEAx5NkunCfnDlvuBSSFS02bcXu4Lmea0AFIUwbLWxWPx3d9p8S5QoaujKcNQxcQ==",
      "license": "MIT",
      "funding": {
        "url": "https://github.com/sponsors/colinhacks"
      }
    },
    "node_modules/@figulus/validator-core": {
      "resolved": "packages/validator-core",
      "link": true
    },
    "node_modules/prettier": {
      "version": "3.8.2",
      "resolved": "https://registry.npmjs.org/prettier/-/prettier-3.8.2.tgz",
      "integrity": "sha512-8c3mgTe0ASwWAJK+78dpviD+A8EqhndQPUBpNUIPt6+xWlIigCwfN01lWr9MAede4uqXGTEKeQWTvzb3vjia0Q==",
      "dev": true,
      "license": "MIT",
      "bin": {
        "prettier": "bin/prettier.cjs"
      },
      "engines": {
        "node": ">=14"
      },
      "funding": {
        "url": "https://github.com/prettier/prettier?sponsor=1"
      }
    },
    "node_modules/strip-json-comments": {
      "version": "5.0.3",
      "resolved": "https://registry.npmjs.org/strip-json-comments/-/strip-json-comments-5.0.3.tgz",
      "integrity": "sha512-1tB5mhVo7U+ETBKNf92xT4hrQa3pm0MZ0PQvuDnWgAAGHDsfp4lPSpiS6psrSiet87wyGPh9ft6wmhOMQ0hDiw==",
      "license": "MIT",
      "engines": {
        "node": ">=14.16"
      },
      "funding": {
        "url": "https://github.com/sponsors/sindresorhus"
      }
    },
    "node_modules/typescript": {
      "version": "5.9.3",
      "resolved": "https://registry.npmjs.org/typescript/-/typescript-5.9.3.tgz",
      "integrity": "sha512-jl1vZzPDinLr9eUt3J/t7V6FgNEw9QjvBPdysz9KfQDD41fQrC2Y4vKQdiaUpFT4bXlb1RHhLpp8wtm6M5TgSw==",
      "dev": true,
      "license": "Apache-2.0",
      "bin": {
        "tsc": "bin/tsc",
        "tsserver": "bin/tsserver"
      },
      "engines": {
        "node": ">=14.17"
      }
    },
    "node_modules/zod": {
      "version": "4.3.6",
      "resolved": "https://registry.npmjs.org/zod/-/zod-4.3.6.tgz",
      "integrity": "sha512-rftlrkhHZOcjDwkGlnUtZZkvaPHCsDATp4pGpuOOMDaTdDDXF91wuVDJoWoPsKX/3YPQ5fHuF3STjcYyKr+Qhg==",
      "license": "MIT",
      "funding": {
        "url": "https://github.com/sponsors/colinhacks"
      }
    },
    "node_modules/zod-spdx": {
      "version": "1.0.0",
      "resolved": "https://registry.npmjs.org/zod-spdx/-/zod-spdx-1.0.0.tgz",
      "integrity": "sha512-PE2LtMboSFNeDnLJbh4Bq48qS5+Sghu0zAUNpg8s9a1MDmloez6WZivMIHz5epyd3hHmPwbT2UjaRRUKtyHUuA==",
      "license": "MIT",
      "dependencies": {
        "zod": "^4.3.6"
      }
    },
    "packages/validator-core": {
      "name": "@figulus/validator-core",
      "version": "0.5.0-alpha-dev-01",
      "dependencies": {
        "@figulus/schema": "^0.5.0-alpha-dev-8",
        "strip-json-comments": "^5.0.1",
        "zod": "^4.3.6"
      },
      "devDependencies": {
        "prettier": "^3.8.2",
        "typescript": "^5.7.2"
      }
    },
    "packages/validator-core/node_modules/@figulus/schema": {
      "version": "0.5.0-alpha-dev-8",
      "resolved": "https://registry.npmjs.org/@figulus/schema/-/schema-0.5.0-alpha-dev-8.tgz",
      "integrity": "sha512-6RbOkjiwZBCkX3Ofz4nE/ypRJ8DJwzWc+O+ViKsfXK60Z21FXbz/i4SuT5doNL7r7hVhHgDpfM93QjKu2GXsow==",
      "dependencies": {
        "zod": "^4.3.6",
        "zod-spdx": "^1.0.0"
      }
    }
  }
}
