{
  "name": "@figulus/validator-node",
  "version": "0.5.0-alpha-dev-01",
  "lockfileVersion": 3,
  "requires": true,
  "packages": {
    "": {
      "name": "@figulus/validator-node",
      "version": "0.5.0-alpha-dev-01",
      "dependencies": {
        "@figulus/validator-core": "^0.5.0-alpha-dev-09",
        "up-fetch": "^2.6.0",
        "zod": "^4.3.6"
      },
      "devDependencies": {
        "@types/node": "^25.6.0",
        "dotenv": "^17.4.2",
        "node": "^25.9.0",
        "prettier": "^3.8.2",
        "typescript": "^5.7.2"
      }
    },
    "node_modules/@figulus/schema": {
      "version": "0.5.0-alpha-dev-8",
      "resolved": "https://registry.npmjs.org/@figulus/schema/-/schema-0.5.0-alpha-dev-8.tgz",
      "integrity": "sha512-6RbOkjiwZBCkX3Ofz4nE/ypRJ8DJwzWc+O+ViKsfXK60Z21FXbz/i4SuT5doNL7r7hVhHgDpfM93QjKu2GXsow==",
      "dependencies": {
        "zod": "^4.3.6",
        "zod-spdx": "^1.0.0"
      }
    },
    "node_modules/@figulus/validator-core": {
      "version": "0.5.0-alpha-dev-09",
      "resolved": "https://registry.npmjs.org/@figulus/validator-core/-/validator-core-0.5.0-alpha-dev-09.tgz",
      "integrity": "sha512-Q423fiSlCRvEE8WZf9Xxp601u9VtFMr2HgkTpD/yMVGHwXkeHd37juJt25erwW/28wP/b7MijxJ9LR+XrMuZ8Q==",
      "dependencies": {
        "@figulus/schema": "^0.5.0-alpha-dev-8",
        "strip-json-comments": "^5.0.1",
        "zod": "^4.3.6"
      }
    },
    "node_modules/@types/node": {
      "version": "25.6.0",
      "resolved": "https://registry.npmjs.org/@types/node/-/node-25.6.0.tgz",
      "integrity": "sha512-+qIYRKdNYJwY3vRCZMdJbPLJAtGjQBudzZzdzwQYkEPQd+PJGixUL5QfvCLDaULoLv+RhT3LDkwEfKaAkgSmNQ==",
      "dev": true,
      "license": "MIT",
      "dependencies": {
        "undici-types": "~7.19.0"
      }
    },
    "node_modules/dotenv": {
      "version": "17.4.2",
      "resolved": "https://registry.npmjs.org/dotenv/-/dotenv-17.4.2.tgz",
      "integrity": "sha512-nI4U3TottKAcAD9LLud4Cb7b2QztQMUEfHbvhTH09bqXTxnSie8WnjPALV/WMCrJZ6UV/qHJ6L03OqO3LcdYZw==",
      "dev": true,
      "license": "BSD-2-Clause",
      "engines": {
        "node": ">=12"
      },
      "funding": {
        "url": "https://dotenvx.com"
      }
    },
    "node_modules/node": {
      "version": "25.9.0",
      "resolved": "https://registry.npmjs.org/node/-/node-25.9.0.tgz",
      "integrity": "sha512-tfIfIRJVc32gUI+cQrxwAGWLwTy/EENnB3vF95RuAFosqBGjMTY+o0/3T4oPOipUFrsebQ5WDMsRyAqn65RMFQ==",
      "dev": true,
      "hasInstallScript": true,
      "license": "MIT",
      "dependencies": {
        "node-bin-setup": "^1.0.0"
      },
      "bin": {
        "node": "bin/node"
      },
      "engines": {
        "npm": ">=5.0.0"
      }
    },
    "node_modules/node-bin-setup": {
      "version": "1.1.4",
      "resolved": "https://registry.npmjs.org/node-bin-setup/-/node-bin-setup-1.1.4.tgz",
      "integrity": "sha512-vWNHOne0ZUavArqPP5LJta50+S8R261Fr5SvGul37HbEDcowvLjwdvd0ZeSr0r2lTSrPxl6okq9QUw8BFGiAxA==",
      "dev": true,
      "license": "ISC"
    },
    "node_modules/prettier": {
      "version": "3.8.2",
      "resolved": "https://registry.npmjs.org/prettier/-/prettier-3.8.2.tgz",
      "integrity": "sha512-8c3mgTe0ASwWAJK+78dpviD+A8EqhndQPUBpNUIPt6+xWlIigCwfN01lWr9MAede4uqXGTEKeQWTvzb3vjia0Q==",
      "dev": true,
      "license": "MIT",
      "bin": {
        "prettier": "bin/prettier.cjs"
      },
      "engines": {
        "node": ">=14"
      },
      "funding": {
        "url": "https://github.com/prettier/prettier?sponsor=1"
      }
    },
    "node_modules/strip-json-comments": {
      "version": "5.0.3",
      "resolved": "https://registry.npmjs.org/strip-json-comments/-/strip-json-comments-5.0.3.tgz",
      "integrity": "sha512-1tB5mhVo7U+ETBKNf92xT4hrQa3pm0MZ0PQvuDnWgAAGHDsfp4lPSpiS6psrSiet87wyGPh9ft6wmhOMQ0hDiw==",
      "license": "MIT",
      "engines": {
        "node": ">=14.16"
      },
      "funding": {
        "url": "https://github.com/sponsors/sindresorhus"
      }
    },
    "node_modules/typescript": {
      "version": "5.9.3",
      "resolved": "https://registry.npmjs.org/typescript/-/typescript-5.9.3.tgz",
      "integrity": "sha512-jl1vZzPDinLr9eUt3J/t7V6FgNEw9QjvBPdysz9KfQDD41fQrC2Y4vKQdiaUpFT4bXlb1RHhLpp8wtm6M5TgSw==",
      "dev": true,
      "license": "Apache-2.0",
      "bin": {
        "tsc": "bin/tsc",
        "tsserver": "bin/tsserver"
      },
      "engines": {
        "node": ">=14.17"
      }
    },
    "node_modules/undici-types": {
      "version": "7.19.2",
      "resolved": "https://registry.npmjs.org/undici-types/-/undici-types-7.19.2.tgz",
      "integrity": "sha512-qYVnV5OEm2AW8cJMCpdV20CDyaN3g0AjDlOGf1OW4iaDEx8MwdtChUp4zu4H0VP3nDRF/8RKWH+IPp9uW0YGZg==",
      "dev": true,
      "license": "MIT"
    },
    "node_modules/up-fetch": {
      "version": "2.6.0",
      "resolved": "https://registry.npmjs.org/up-fetch/-/up-fetch-2.6.0.tgz",
      "integrity": "sha512-gWV2S83NlheUZRJq6a79EOc3ZkW1AfvU96HT7KiH1O3ZmmaqdkhkygFiHfeEsRi69lP0JDVpblyWkqib4NPw3Q==",
      "license": "MIT",
      "engines": {
        "node": ">=18"
      }
    },
    "node_modules/zod": {
      "version": "4.3.6",
      "resolved": "https://registry.npmjs.org/zod/-/zod-4.3.6.tgz",
      "integrity": "sha512-rftlrkhHZOcjDwkGlnUtZZkvaPHCsDATp4pGpuOOMDaTdDDXF91wuVDJoWoPsKX/3YPQ5fHuF3STjcYyKr+Qhg==",
      "license": "MIT",
      "funding": {
        "url": "https://github.com/sponsors/colinhacks"
      }
    },
    "node_modules/zod-spdx": {
      "version": "1.0.0",
      "resolved": "https://registry.npmjs.org/zod-spdx/-/zod-spdx-1.0.0.tgz",
      "integrity": "sha512-PE2LtMboSFNeDnLJbh4Bq48qS5+Sghu0zAUNpg8s9a1MDmloez6WZivMIHz5epyd3hHmPwbT2UjaRRUKtyHUuA==",
      "license": "MIT",
      "dependencies": {
        "zod": "^4.3.6"
      }
    }
  }
}
